Microsoft Visual Studio Solution File, Format Version 12.00
# Visual Studio Version 16
VisualStudioVersion = 16.0.0.0
MinimumVisualStudioVersion = 16.0.0.0
Project("{9A19103F-16F7-4668-BE54-9A1E7A4F7556}") = "BlazorHosted.Server", "Server\BlazorHosted.Server.csproj", "{262496A2-D4F7-422D-AFFE-19F3170A87DF}"
EndProject
Project("{9A19103F-16F7-4668-BE54-9A1E7A4F7556}") = "BlazorHosted.Client", "Client\BlazorHosted.Client.csproj", "{3DF2843C-C22E-4FE6-A845-381AD0B4DB15}"
EndProject
Project("{9A19103F-16F7-4668-BE54-9A1E7A4F7556}") = "BlazorHosted.Shared", "Shared\BlazorHosted.Shared.csproj", "{DE9C8284-97BE-44A6-A0F4-0E1F841CF687}"
EndProject
Global
	GlobalSection(SolutionConfigurationPlatforms) = preSolution
		Debug|Any CPU = Debug|Any CPU
		Debug|x64 = Debug|x64
		Debug|x86 = Debug|x86
		Release|Any CPU = Release|Any CPU
		Release|x64 = Release|x64
		Release|x86 = Release|x86
	EndGlobalSection
	GlobalSection(ProjectConfigurationPlatforms) = postSolution
		{3DF2843C-C22E-4FE6-A845-381AD0B4DB15}.Debug|Any CPU.ActiveCfg = Debug|Any CPU
		{3DF2843C-C22E-4FE6-A845-381AD0B4DB15}.Debug|Any CPU.Build.0 = Debug|Any CPU
		{3DF2843C-C22E-4FE6-A845-381AD0B4DB15}.Debug|x64.ActiveCfg = Debug|Any CPU
		{3DF2843C-C22E-4FE6-A845-381AD0B4DB15}.Debug|x64.Build.0 = Debug|Any CPU
		{3DF2843C-C22E-4FE6-A845-381AD0B4DB15}.Debug|x86.ActiveCfg = Debug|Any CPU
		{3DF2843C-C22E-4FE6-A845-381AD0B4DB15}.Debug|x86.Build.0 = Debug|Any CPU
		{3DF2843C-C22E-4FE6-A845-381AD0B4DB15}.Release|Any CPU.ActiveCfg = Release|Any CPU
		{3DF2843C-C22E-4FE6-A845-381AD0B4DB15}.Release|Any CPU.Build.0 = Release|Any CPU
		{3DF2843C-C22E-4FE6-A845-381AD0B4DB15}.Release|x64.ActiveCfg = Release|Any CPU
		{3DF2843C-C22E-4FE6-A845-381AD0B4DB15}.Release|x64.Build.0 = Release|Any CPU
		{3DF2843C-C22E-4FE6-A845-381AD0B4DB15}.Release|x86.ActiveCfg = Release|Any CPU
		{3DF2843C-C22E-4FE6-A845-381AD0B4DB15}.Release|x86.Build.0 = Release|Any CPU
		{262496A2-D4F7-422D-AFFE-19F3170A87DF}.Debug|Any CPU.ActiveCfg = Debug|Any CPU
		{262496A2-D4F7-422D-AFFE-19F3170A87DF}.Debug|Any CPU.Build.0 = Debug|Any CPU
		{262496A2-D4F7-422D-AFFE-19F3170A87DF}.Debug|x64.ActiveCfg = Debug|Any CPU
		{262496A2-D4F7-422D-AFFE-19F3170A87DF}.Debug|x64.Build.0 = Debug|Any CPU
		{262496A2-D4F7-422D-AFFE-19F3170A87DF}.Debug|x86.ActiveCfg = Debug|Any CPU
		{262496A2-D4F7-422D-AFFE-19F3170A87DF}.Debug|x86.Build.0 = Debug|Any CPU
		{262496A2-D4F7-422D-AFFE-19F3170A87DF}.Release|Any CPU.ActiveCfg = Release|Any CPU
		{262496A2-D4F7-422D-AFFE-19F3170A87DF}.Release|Any CPU.Build.0 = Release|Any CPU
		{262496A2-D4F7-422D-AFFE-19F3170A87DF}.Release|x64.ActiveCfg = Release|Any CPU
		{262496A2-D4F7-422D-AFFE-19F3170A87DF}.Release|x64.Build.0 = Release|Any CPU
		{262496A2-D4F7-422D-AFFE-19F3170A87DF}.Release|x86.ActiveCfg = Release|Any CPU
		{262496A2-D4F7-422D-AFFE-19F3170A87DF}.Release|x86.Build.0 = Release|Any CPU
		{DE9C8284-97BE-44A6-A0F4-0E1F841CF687}.Debug|Any CPU.ActiveCfg = Debug|Any CPU
		{DE9C8284-97BE-44A6-A0F4-0E1F841CF687}.Debug|Any CPU.Build.0 = Debug|Any CPU
		{DE9C8284-97BE-44A6-A0F4-0E1F841CF687}.Debug|x64.ActiveCfg = Debug|Any CPU
		{DE9C8284-97BE-44A6-A0F4-0E1F841CF687}.Debug|x64.Build.0 = Debug|Any CPU
		{DE9C8284-97BE-44A6-A0F4-0E1F841CF687}.Debug|x86.ActiveCfg = Debug|Any CPU
		{DE9C8284-97BE-44A6-A0F4-0E1F841CF687}.Debug|x86.Build.0 = Debug|Any CPU
		{DE9C8284-97BE-44A6-A0F4-0E1F841CF687}.Release|Any CPU.ActiveCfg = Release|Any CPU
		{DE9C8284-97BE-44A6-A0F4-0E1F841CF687}.Release|Any CPU.Build.0 = Release|Any CPU
		{DE9C8284-97BE-44A6-A0F4-0E1F841CF687}.Release|x64.ActiveCfg = Release|Any CPU
		{DE9C8284-97BE-44A6-A0F4-0E1F841CF687}.Release|x64.Build.0 = Release|Any CPU
		{DE9C8284-97BE-44A6-A0F4-0E1F841CF687}.Release|x86.ActiveCfg = Release|Any CPU
		{DE9C8284-97BE-44A6-A0F4-0E1F841CF687}.Release|x86.Build.0 = Release|Any CPU
	EndGlobalSection
	GlobalSection(SolutionProperties) = preSolution
		HideSolutionNode = FALSE
	EndGlobalSection
	GlobalSection(ExtensibilityGlobals) = postSolution
		SolutionGuid = {2C8DA886-B0AB-4397-8FB7-8FC90F199CE2}
	EndGlobalSection
EndGlobal